
Microsoft Visual Studio Solution File, Format Version 11.00
# Visual Basic Express 2010
Project("{F184B08F-C81C-45F6-A57F-5ABD9991F28F}") = "Game Zone Management", "Game Zone Management\Game Zone Management.vbproj", "{40C05452-E770-407D-96E4-A447F9C42715}"
EndProject
Global
	GlobalSection(SolutionConfigurationPlatforms) = preSolution
		Debug|x86 = Debug|x86
		Release|x86 = Release|x86
	EndGlobalSection
	GlobalSection(ProjectConfigurationPlatforms) = postSolution
		{40C05452-E770-407D-96E4-A447F9C42715}.Debug|x86.ActiveCfg = Debug|x86
		{40C05452-E770-407D-96E4-A447F9C42715}.Debug|x86.Build.0 = Debug|x86
		{40C05452-E770-407D-96E4-A447F9C42715}.Release|x86.ActiveCfg = Release|x86
		{40C05452-E770-407D-96E4-A447F9C42715}.Release|x86.Build.0 = Release|x86
	EndGlobalSection
	GlobalSection(SolutionProperties) = preSolution
		HideSolutionNode = FALSE
	EndGlobalSection
EndGlobal
